
Microsoft Visual Studio Solution File, Format Version 12.00
# Visual Studio 15
VisualStudioVersion = 15.0.27428.2015
MinimumVisualStudioVersion = 10.0.40219.1
Project("{FAE04EC0-301F-11D3-BF4B-00C04F79EFBC}") = "WebApplication6", "WebApplication6\WebApplication6.csproj", "{FE2F52DC-6C95-4368-837E-A9792A40B7CA}"
EndProject
Global
	GlobalSection(SolutionConfigurationPlatforms) = preSolution
		Debug|Any CPU = Debug|Any CPU
		Release|Any CPU = Release|Any CPU
	EndGlobalSection
	GlobalSection(ProjectConfigurationPlatforms) = postSolution
		{FE2F52DC-6C95-4368-837E-A9792A40B7CA}.Debug|Any CPU.ActiveCfg = Debug|Any CPU
		{FE2F52DC-6C95-4368-837E-A9792A40B7CA}.Debug|Any CPU.Build.0 = Debug|Any CPU
		{FE2F52DC-6C95-4368-837E-A9792A40B7CA}.Release|Any CPU.ActiveCfg = Release|Any CPU
		{FE2F52DC-6C95-4368-837E-A9792A40B7CA}.Release|Any CPU.Build.0 = Release|Any CPU
	EndGlobalSection
	GlobalSection(SolutionProperties) = preSolution
		HideSolutionNode = FALSE
	EndGlobalSection
	GlobalSection(ExtensibilityGlobals) = postSolution
		SolutionGuid = {4C6D9942-366A-4218-B4C7-CAF434772C40}
	EndGlobalSection
EndGlobal
