
Microsoft Visual Studio Solution File, Format Version 12.00
# Visual Studio 15
VisualStudioVersion = 15.0.27703.2042
MinimumVisualStudioVersion = 10.0.40219.1
Project("{FAE04EC0-301F-11D3-BF4B-00C04F79EFBC}") = "vl", "vl\vl.csproj", "{BACCDF08-DFDB-4CAD-BE35-2C4CF726283A}"
EndProject
Global
	GlobalSection(SolutionConfigurationPlatforms) = preSolution
		Debug|Any CPU = Debug|Any CPU
		Release|Any CPU = Release|Any CPU
	EndGlobalSection
	GlobalSection(ProjectConfigurationPlatforms) = postSolution
		{BACCDF08-DFDB-4CAD-BE35-2C4CF726283A}.Debug|Any CPU.ActiveCfg = Debug|Any CPU
		{BACCDF08-DFDB-4CAD-BE35-2C4CF726283A}.Debug|Any CPU.Build.0 = Debug|Any CPU
		{BACCDF08-DFDB-4CAD-BE35-2C4CF726283A}.Release|Any CPU.ActiveCfg = Release|Any CPU
		{BACCDF08-DFDB-4CAD-BE35-2C4CF726283A}.Release|Any CPU.Build.0 = Release|Any CPU
	EndGlobalSection
	GlobalSection(SolutionProperties) = preSolution
		HideSolutionNode = FALSE
	EndGlobalSection
	GlobalSection(ExtensibilityGlobals) = postSolution
		SolutionGuid = {E4677D21-DCAF-4AC8-B820-9CA198B7A0E0}
	EndGlobalSection
EndGlobal
